
Microsoft Visual Studio Solution File, Format Version 12.00
# Visual Studio 15
VisualStudioVersion = 15.0.28307.136
MinimumVisualStudioVersion = 10.0.40219.1
Project("{FAE04EC0-301F-11D3-BF4B-00C04F79EFBC}") = "Subscriber1", "Subscriber1.csproj", "{B49FCE6D-1D3A-4A38-AA8B-887B78EDDE3D}"
EndProject
Project("{FAE04EC0-301F-11D3-BF4B-00C04F79EFBC}") = "Shared.Messages", "..\Shared.Messages\Shared.Messages.csproj", "{BC03E6B3-E1FC-43B9-927B-7B97C25CA5D5}"
EndProject
Global
	GlobalSection(SolutionConfigurationPlatforms) = preSolution
		Debug|Any CPU = Debug|Any CPU
		Release|Any CPU = Release|Any CPU
	EndGlobalSection
	GlobalSection(ProjectConfigurationPlatforms) = postSolution
		{B49FCE6D-1D3A-4A38-AA8B-887B78EDDE3D}.Debug|Any CPU.ActiveCfg = Debug|Any CPU
		{B49FCE6D-1D3A-4A38-AA8B-887B78EDDE3D}.Debug|Any CPU.Build.0 = Debug|Any CPU
		{B49FCE6D-1D3A-4A38-AA8B-887B78EDDE3D}.Release|Any CPU.ActiveCfg = Release|Any CPU
		{B49FCE6D-1D3A-4A38-AA8B-887B78EDDE3D}.Release|Any CPU.Build.0 = Release|Any CPU
		{BC03E6B3-E1FC-43B9-927B-7B97C25CA5D5}.Debug|Any CPU.ActiveCfg = Debug|Any CPU
		{BC03E6B3-E1FC-43B9-927B-7B97C25CA5D5}.Debug|Any CPU.Build.0 = Debug|Any CPU
		{BC03E6B3-E1FC-43B9-927B-7B97C25CA5D5}.Release|Any CPU.ActiveCfg = Release|Any CPU
		{BC03E6B3-E1FC-43B9-927B-7B97C25CA5D5}.Release|Any CPU.Build.0 = Release|Any CPU
	EndGlobalSection
	GlobalSection(SolutionProperties) = preSolution
		HideSolutionNode = FALSE
	EndGlobalSection
	GlobalSection(ExtensibilityGlobals) = postSolution
		SolutionGuid = {EF4F25F6-80F1-4DA8-B23B-C3BF6DA8BAF8}
	EndGlobalSection
EndGlobal
